
Microsoft Visual Studio Solution File, Format Version 12.00
# Visual Studio Version 17
VisualStudioVersion = 17.5.002.0
MinimumVisualStudioVersion = 10.0.40219.1
Project("{2150E333-8FDC-42A3-9474-1A3956D46DE8}") = "sandbox", "sandbox", "{CEC73B0B-B00B-4BDA-BCD3-824ABADE29F2}"
EndProject
Project("{9A19103F-16F7-4668-BE54-9A1E7A4F7556}") = "sandbox_project", "sandbox\sandbox_project\sandbox_project.csproj", "{3AAA641E-7BAA-40E4-9CFB-64AD421C3628}"
EndProject
Project("{2150E333-8FDC-42A3-9474-1A3956D46DE8}") = "week01", "week01", "{638071C2-D966-4C04-9101-BA36A37AB400}"
EndProject
Project("{9A19103F-16F7-4668-BE54-9A1E7A4F7556}") = "analyze", "week01\analyze\analyze.csproj", "{ED7ADABF-6A86-42FE-B9A0-57DB01BD86B6}"
EndProject
Project("{9A19103F-16F7-4668-BE54-9A1E7A4F7556}") = "code", "week01\code\code.csproj", "{6271963C-E84D-49E8-A4B8-CC659758C9E6}"
EndProject
Project("{9A19103F-16F7-4668-BE54-9A1E7A4F7556}") = "teach", "week01\teach\teach.csproj", "{2CF8A1BB-D6F0-436B-B255-5E83D662CC56}"
EndProject
Project("{2150E333-8FDC-42A3-9474-1A3956D46DE8}") = "week02", "week02", "{CCCBA328-614C-4319-9B18-5CBDDC8A7250}"
EndProject
Project("{9A19103F-16F7-4668-BE54-9A1E7A4F7556}") = "analyze", "week02\analyze\analyze.csproj", "{FA92A446-E37F-4D42-BE9A-499C768BC729}"
EndProject
Project("{9A19103F-16F7-4668-BE54-9A1E7A4F7556}") = "code", "week02\code\code.csproj", "{B0086C81-13FD-4A2A-9C7F-5D76FCEBE66C}"
EndProject
Project("{9A19103F-16F7-4668-BE54-9A1E7A4F7556}") = "learn", "week02\learn\learn.csproj", "{025D13F9-7759-48C2-A179-1DE0629AE3F0}"
EndProject
Project("{9A19103F-16F7-4668-BE54-9A1E7A4F7556}") = "teach", "week02\teach\teach.csproj", "{0FC4DAB4-998E-40F9-9431-457435641212}"
EndProject
Project("{2150E333-8FDC-42A3-9474-1A3956D46DE8}") = "week03", "week03", "{E3AE629A-CCB8-426D-B2C5-593D3F9526A2}"
EndProject
Project("{9A19103F-16F7-4668-BE54-9A1E7A4F7556}") = "code", "week03\code\code.csproj", "{DAD9156A-4D0A-4621-B482-75A4BB734B7A}"
EndProject
Project("{9A19103F-16F7-4668-BE54-9A1E7A4F7556}") = "learn", "week03\learn\learn.csproj", "{7EF12F6C-BB0F-41E5-A734-850D48833EB4}"
EndProject
Project("{9A19103F-16F7-4668-BE54-9A1E7A4F7556}") = "teach", "week03\teach\teach.csproj", "{A0689A21-117A-4A53-89A5-D1CA3EABF51B}"
EndProject
Project("{2150E333-8FDC-42A3-9474-1A3956D46DE8}") = "week04", "week04", "{49534A95-9D79-4403-9CF4-A539E74E2D58}"
EndProject
Project("{9A19103F-16F7-4668-BE54-9A1E7A4F7556}") = "code", "week04\code\code.csproj", "{CAE1CDD5-25F8-4F27-9B18-3B773B0C6DBA}"
EndProject
Project("{2150E333-8FDC-42A3-9474-1A3956D46DE8}") = "week05", "week05", "{F9D761E8-72A3-4520-9077-728E15B359AF}"
EndProject
Project("{9A19103F-16F7-4668-BE54-9A1E7A4F7556}") = "code", "week05\code\code.csproj", "{A30962A1-30BB-4C06-9252-705E724D2E33}"
EndProject
Project("{2150E333-8FDC-42A3-9474-1A3956D46DE8}") = "week06", "week06", "{C06B1507-EC24-4B66-A2F3-1179D14E5DD9}"
EndProject
Project("{9A19103F-16F7-4668-BE54-9A1E7A4F7556}") = "code", "week06\code\code.csproj", "{96387A89-57FF-44A6-9F6F-DA853419C94D}"
EndProject
Global
	GlobalSection(SolutionConfigurationPlatforms) = preSolution
		Debug|Any CPU = Debug|Any CPU
		Release|Any CPU = Release|Any CPU
	EndGlobalSection
	GlobalSection(ProjectConfigurationPlatforms) = postSolution
		{3AAA641E-7BAA-40E4-9CFB-64AD421C3628}.Debug|Any CPU.ActiveCfg = Debug|Any CPU
		{3AAA641E-7BAA-40E4-9CFB-64AD421C3628}.Debug|Any CPU.Build.0 = Debug|Any CPU
		{3AAA641E-7BAA-40E4-9CFB-64AD421C3628}.Release|Any CPU.ActiveCfg = Release|Any CPU
		{3AAA641E-7BAA-40E4-9CFB-64AD421C3628}.Release|Any CPU.Build.0 = Release|Any CPU
		{ED7ADABF-6A86-42FE-B9A0-57DB01BD86B6}.Debug|Any CPU.ActiveCfg = Debug|Any CPU
		{ED7ADABF-6A86-42FE-B9A0-57DB01BD86B6}.Debug|Any CPU.Build.0 = Debug|Any CPU
		{ED7ADABF-6A86-42FE-B9A0-57DB01BD86B6}.Release|Any CPU.ActiveCfg = Release|Any CPU
		{ED7ADABF-6A86-42FE-B9A0-57DB01BD86B6}.Release|Any CPU.Build.0 = Release|Any CPU
		{6271963C-E84D-49E8-A4B8-CC659758C9E6}.Debug|Any CPU.ActiveCfg = Debug|Any CPU
		{6271963C-E84D-49E8-A4B8-CC659758C9E6}.Debug|Any CPU.Build.0 = Debug|Any CPU
		{6271963C-E84D-49E8-A4B8-CC659758C9E6}.Release|Any CPU.ActiveCfg = Release|Any CPU
		{6271963C-E84D-49E8-A4B8-CC659758C9E6}.Release|Any CPU.Build.0 = Release|Any CPU
		{2CF8A1BB-D6F0-436B-B255-5E83D662CC56}.Debug|Any CPU.ActiveCfg = Debug|Any CPU
		{2CF8A1BB-D6F0-436B-B255-5E83D662CC56}.Debug|Any CPU.Build.0 = Debug|Any CPU
		{2CF8A1BB-D6F0-436B-B255-5E83D662CC56}.Release|Any CPU.ActiveCfg = Release|Any CPU
		{2CF8A1BB-D6F0-436B-B255-5E83D662CC56}.Release|Any CPU.Build.0 = Release|Any CPU
		{FA92A446-E37F-4D42-BE9A-499C768BC729}.Debug|Any CPU.ActiveCfg = Debug|Any CPU
		{FA92A446-E37F-4D42-BE9A-499C768BC729}.Debug|Any CPU.Build.0 = Debug|Any CPU
		{FA92A446-E37F-4D42-BE9A-499C768BC729}.Release|Any CPU.ActiveCfg = Release|Any CPU
		{FA92A446-E37F-4D42-BE9A-499C768BC729}.Release|Any CPU.Build.0 = Release|Any CPU
		{B0086C81-13FD-4A2A-9C7F-5D76FCEBE66C}.Debug|Any CPU.ActiveCfg = Debug|Any CPU
		{B0086C81-13FD-4A2A-9C7F-5D76FCEBE66C}.Debug|Any CPU.Build.0 = Debug|Any CPU
		{B0086C81-13FD-4A2A-9C7F-5D76FCEBE66C}.Release|Any CPU.ActiveCfg = Release|Any CPU
		{B0086C81-13FD-4A2A-9C7F-5D76FCEBE66C}.Release|Any CPU.Build.0 = Release|Any CPU
		{025D13F9-7759-48C2-A179-1DE0629AE3F0}.Debug|Any CPU.ActiveCfg = Debug|Any CPU
		{025D13F9-7759-48C2-A179-1DE0629AE3F0}.Debug|Any CPU.Build.0 = Debug|Any CPU
		{025D13F9-7759-48C2-A179-1DE0629AE3F0}.Release|Any CPU.ActiveCfg = Release|Any CPU
		{025D13F9-7759-48C2-A179-1DE0629AE3F0}.Release|Any CPU.Build.0 = Release|Any CPU
		{0FC4DAB4-998E-40F9-9431-457435641212}.Debug|Any CPU.ActiveCfg = Debug|Any CPU
		{0FC4DAB4-998E-40F9-9431-457435641212}.Debug|Any CPU.Build.0 = Debug|Any CPU
		{0FC4DAB4-998E-40F9-9431-457435641212}.Release|Any CPU.ActiveCfg = Release|Any CPU
		{0FC4DAB4-998E-40F9-9431-457435641212}.Release|Any CPU.Build.0 = Release|Any CPU
		{DAD9156A-4D0A-4621-B482-75A4BB734B7A}.Debug|Any CPU.ActiveCfg = Debug|Any CPU
		{DAD9156A-4D0A-4621-B482-75A4BB734B7A}.Debug|Any CPU.Build.0 = Debug|Any CPU
		{DAD9156A-4D0A-4621-B482-75A4BB734B7A}.Release|Any CPU.ActiveCfg = Release|Any CPU
		{DAD9156A-4D0A-4621-B482-75A4BB734B7A}.Release|Any CPU.Build.0 = Release|Any CPU
		{7EF12F6C-BB0F-41E5-A734-850D48833EB4}.Debug|Any CPU.ActiveCfg = Debug|Any CPU
		{7EF12F6C-BB0F-41E5-A734-850D48833EB4}.Debug|Any CPU.Build.0 = Debug|Any CPU
		{7EF12F6C-BB0F-41E5-A734-850D48833EB4}.Release|Any CPU.ActiveCfg = Release|Any CPU
		{7EF12F6C-BB0F-41E5-A734-850D48833EB4}.Release|Any CPU.Build.0 = Release|Any CPU
		{A0689A21-117A-4A53-89A5-D1CA3EABF51B}.Debug|Any CPU.ActiveCfg = Debug|Any CPU
		{A0689A21-117A-4A53-89A5-D1CA3EABF51B}.Debug|Any CPU.Build.0 = Debug|Any CPU
		{A0689A21-117A-4A53-89A5-D1CA3EABF51B}.Release|Any CPU.ActiveCfg = Release|Any CPU
		{A0689A21-117A-4A53-89A5-D1CA3EABF51B}.Release|Any CPU.Build.0 = Release|Any CPU
		{CAE1CDD5-25F8-4F27-9B18-3B773B0C6DBA}.Debug|Any CPU.ActiveCfg = Debug|Any CPU
		{CAE1CDD5-25F8-4F27-9B18-3B773B0C6DBA}.Debug|Any CPU.Build.0 = Debug|Any CPU
		{CAE1CDD5-25F8-4F27-9B18-3B773B0C6DBA}.Release|Any CPU.ActiveCfg = Release|Any CPU
		{CAE1CDD5-25F8-4F27-9B18-3B773B0C6DBA}.Release|Any CPU.Build.0 = Release|Any CPU
		{A30962A1-30BB-4C06-9252-705E724D2E33}.Debug|Any CPU.ActiveCfg = Debug|Any CPU
		{A30962A1-30BB-4C06-9252-705E724D2E33}.Debug|Any CPU.Build.0 = Debug|Any CPU
		{A30962A1-30BB-4C06-9252-705E724D2E33}.Release|Any CPU.ActiveCfg = Release|Any CPU
		{A30962A1-30BB-4C06-9252-705E724D2E33}.Release|Any CPU.Build.0 = Release|Any CPU
		{96387A89-57FF-44A6-9F6F-DA853419C94D}.Debug|Any CPU.ActiveCfg = Debug|Any CPU
		{96387A89-57FF-44A6-9F6F-DA853419C94D}.Debug|Any CPU.Build.0 = Debug|Any CPU
		{96387A89-57FF-44A6-9F6F-DA853419C94D}.Release|Any CPU.ActiveCfg = Release|Any CPU
		{96387A89-57FF-44A6-9F6F-DA853419C94D}.Release|Any CPU.Build.0 = Release|Any CPU
	EndGlobalSection
	GlobalSection(SolutionProperties) = preSolution
		HideSolutionNode = FALSE
	EndGlobalSection
	GlobalSection(NestedProjects) = preSolution
		{3AAA641E-7BAA-40E4-9CFB-64AD421C3628} = {CEC73B0B-B00B-4BDA-BCD3-824ABADE29F2}
		{ED7ADABF-6A86-42FE-B9A0-57DB01BD86B6} = {638071C2-D966-4C04-9101-BA36A37AB400}
		{6271963C-E84D-49E8-A4B8-CC659758C9E6} = {638071C2-D966-4C04-9101-BA36A37AB400}
		{2CF8A1BB-D6F0-436B-B255-5E83D662CC56} = {638071C2-D966-4C04-9101-BA36A37AB400}
		{FA92A446-E37F-4D42-BE9A-499C768BC729} = {CCCBA328-614C-4319-9B18-5CBDDC8A7250}
		{B0086C81-13FD-4A2A-9C7F-5D76FCEBE66C} = {CCCBA328-614C-4319-9B18-5CBDDC8A7250}
		{025D13F9-7759-48C2-A179-1DE0629AE3F0} = {CCCBA328-614C-4319-9B18-5CBDDC8A7250}
		{0FC4DAB4-998E-40F9-9431-457435641212} = {CCCBA328-614C-4319-9B18-5CBDDC8A7250}
		{DAD9156A-4D0A-4621-B482-75A4BB734B7A} = {E3AE629A-CCB8-426D-B2C5-593D3F9526A2}
		{7EF12F6C-BB0F-41E5-A734-850D48833EB4} = {E3AE629A-CCB8-426D-B2C5-593D3F9526A2}
		{A0689A21-117A-4A53-89A5-D1CA3EABF51B} = {E3AE629A-CCB8-426D-B2C5-593D3F9526A2}
		{CAE1CDD5-25F8-4F27-9B18-3B773B0C6DBA} = {49534A95-9D79-4403-9CF4-A539E74E2D58}
		{A30962A1-30BB-4C06-9252-705E724D2E33} = {F9D761E8-72A3-4520-9077-728E15B359AF}
		{96387A89-57FF-44A6-9F6F-DA853419C94D} = {C06B1507-EC24-4B66-A2F3-1179D14E5DD9}
	EndGlobalSection
	GlobalSection(ExtensibilityGlobals) = postSolution
		SolutionGuid = {63ABC94B-74A6-41DD-8D8F-8DFD359A2EE8}
	EndGlobalSection
EndGlobal
